
Microsoft Visual Studio Solution File, Format Version 12.00
# Visual Studio Version 16
VisualStudioVersion = 16.0.31129.286
MinimumVisualStudioVersion = 10.0.40219.1
Project("{FAE04EC0-301F-11D3-BF4B-00C04F79EFBC}") = "NasMon.Imag.Expertise.ReportBuilder", "NasMon.Imag.Expertise.ReportBuilder\NasMon.Imag.Expertise.ReportBuilder.csproj", "{970267B1-2151-4781-89A6-F7EA5F4228FB}"
EndProject
Project("{FAE04EC0-301F-11D3-BF4B-00C04F79EFBC}") = "NasMon.Imag.Expertise.Models", "NasMon.Imag.Expertise.Models\NasMon.Imag.Expertise.Models.csproj", "{C018BE33-3BA1-461B-BFE7-98DC67CDFDAC}"
EndProject
Project("{FAE04EC0-301F-11D3-BF4B-00C04F79EFBC}") = "NasMon.Imag.Expertise.Reports", "NasMon.Imag.Expertise.Reports\NasMon.Imag.Expertise.Reports.csproj", "{57EAF2FD-971A-423B-9227-64501C7FEADC}"
EndProject
Global
	GlobalSection(SolutionConfigurationPlatforms) = preSolution
		Debug|Any CPU = Debug|Any CPU
		Release|Any CPU = Release|Any CPU
	EndGlobalSection
	GlobalSection(ProjectConfigurationPlatforms) = postSolution
		{970267B1-2151-4781-89A6-F7EA5F4228FB}.Debug|Any CPU.ActiveCfg = Debug|Any CPU
		{970267B1-2151-4781-89A6-F7EA5F4228FB}.Debug|Any CPU.Build.0 = Debug|Any CPU
		{970267B1-2151-4781-89A6-F7EA5F4228FB}.Release|Any CPU.ActiveCfg = Release|Any CPU
		{970267B1-2151-4781-89A6-F7EA5F4228FB}.Release|Any CPU.Build.0 = Release|Any CPU
		{C018BE33-3BA1-461B-BFE7-98DC67CDFDAC}.Debug|Any CPU.ActiveCfg = Debug|Any CPU
		{C018BE33-3BA1-461B-BFE7-98DC67CDFDAC}.Debug|Any CPU.Build.0 = Debug|Any CPU
		{C018BE33-3BA1-461B-BFE7-98DC67CDFDAC}.Release|Any CPU.ActiveCfg = Release|Any CPU
		{C018BE33-3BA1-461B-BFE7-98DC67CDFDAC}.Release|Any CPU.Build.0 = Release|Any CPU
		{57EAF2FD-971A-423B-9227-64501C7FEADC}.Debug|Any CPU.ActiveCfg = Debug|Any CPU
		{57EAF2FD-971A-423B-9227-64501C7FEADC}.Debug|Any CPU.Build.0 = Debug|Any CPU
		{57EAF2FD-971A-423B-9227-64501C7FEADC}.Release|Any CPU.ActiveCfg = Release|Any CPU
		{57EAF2FD-971A-423B-9227-64501C7FEADC}.Release|Any CPU.Build.0 = Release|Any CPU
	EndGlobalSection
	GlobalSection(SolutionProperties) = preSolution
		HideSolutionNode = FALSE
	EndGlobalSection
	GlobalSection(ExtensibilityGlobals) = postSolution
		SolutionGuid = {52C19C21-29E4-46DD-A9DE-D06919FA5442}
	EndGlobalSection
EndGlobal
